// !$*UTF8*$!
{
	archiveVersion = 1;
	classes = {
	};
	objectVersion = 56;
	objects = {

/* Begin PBXBuildFile section */
		E7350B6E2BE08FB6004CB19E /* Event.swift in Sources */ = {isa = PBXBuildFile; fileRef = E7350B6D2BE08FB6004CB19E /* Event.swift */; };
		E7350B722BE08FFF004CB19E /* TypeExtensions.swift in Sources */ = {isa = PBXBuildFile; fileRef = E7350B712BE08FFF004CB19E /* TypeExtensions.swift */; };
		E7507CEC2C1FFA5F001F448A /* InactiveCalendarRowCarouselView.swift in Sources */ = {isa = PBXBuildFile; fileRef = E7507CEB2C1FFA5F001F448A /* InactiveCalendarRowCarouselView.swift */; };
		E7507CEE2C200062001F448A /* CarouselView.swift in Sources */ = {isa = PBXBuildFile; fileRef = E7507CED2C20005A001F448A /* CarouselView.swift */; };
		E760FA0E2BB66E78002A588D /* EventCellView.swift in Sources */ = {isa = PBXBuildFile; fileRef = E760FA0D2BB66E78002A588D /* EventCellView.swift */; };
		E7767C572D629A2F0013D242 /* CalendarFactory.swift in Sources */ = {isa = PBXBuildFile; fileRef = E7767C562D629A2F0013D242 /* CalendarFactory.swift */; };
		E792CF732B9FE79D00E09621 /* ActiveCalendarRowCarouselView.swift in Sources */ = {isa = PBXBuildFile; fileRef = E792CF722B9FE79D00E09621 /* ActiveCalendarRowCarouselView.swift */; };
		E7B21D3B2B9447A100D4380E /* GlimpseCalendarApp.swift in Sources */ = {isa = PBXBuildFile; fileRef = E7B21D3A2B9447A100D4380E /* GlimpseCalendarApp.swift */; };
		E7B21D3D2B9447A100D4380E /* CalendarView.swift in Sources */ = {isa = PBXBuildFile; fileRef = E7B21D3C2B9447A100D4380E /* CalendarView.swift */; };
		E7B21D3F2B9447A200D4380E /* Assets.xcassets in Resources */ = {isa = PBXBuildFile; fileRef = E7B21D3E2B9447A200D4380E /* Assets.xcassets */; };
		E7B21D432B9447A200D4380E /* Preview Assets.xcassets in Resources */ = {isa = PBXBuildFile; fileRef = E7B21D422B9447A200D4380E /* Preview Assets.xcassets */; };
		E7B21D4B2B959FE500D4380E /* BitCollections in Frameworks */ = {isa = PBXBuildFile; productRef = E7B21D4A2B959FE500D4380E /* BitCollections */; };
		E7B21D4D2B959FE500D4380E /* Collections in Frameworks */ = {isa = PBXBuildFile; productRef = E7B21D4C2B959FE500D4380E /* Collections */; };
		E7B21D4F2B959FE500D4380E /* DequeModule in Frameworks */ = {isa = PBXBuildFile; productRef = E7B21D4E2B959FE500D4380E /* DequeModule */; };
		E7B21D512B959FE500D4380E /* HashTreeCollections in Frameworks */ = {isa = PBXBuildFile; productRef = E7B21D502B959FE500D4380E /* HashTreeCollections */; };
		E7B21D532B959FE500D4380E /* HeapModule in Frameworks */ = {isa = PBXBuildFile; productRef = E7B21D522B959FE500D4380E /* HeapModule */; };
		E7B21D552B959FE500D4380E /* OrderedCollections in Frameworks */ = {isa = PBXBuildFile; productRef = E7B21D542B959FE500D4380E /* OrderedCollections */; };
		E7B21D572B959FE500D4380E /* _RopeModule in Frameworks */ = {isa = PBXBuildFile; productRef = E7B21D562B959FE500D4380E /* _RopeModule */; };
		E7B21D5E2B95A5A700D4380E /* CalendarItemView.swift in Sources */ = {isa = PBXBuildFile; fileRef = E7B21D5D2B95A5A700D4380E /* CalendarItemView.swift */; };
		E7BFF8772BF07A79006797E8 /* AddEventView.swift in Sources */ = {isa = PBXBuildFile; fileRef = E7BFF8762BF07A79006797E8 /* AddEventView.swift */; };
		E7BFF8792BF08F80006797E8 /* EditEventView.swift in Sources */ = {isa = PBXBuildFile; fileRef = E7BFF8782BF08F80006797E8 /* EditEventView.swift */; };
		E7E757912C0C3577000C8B63 /* EventKitManager.swift in Sources */ = {isa = PBXBuildFile; fileRef = E7E757902C0C3577000C8B63 /* EventKitManager.swift */; };
/* End PBXBuildFile section */

/* Begin PBXFileReference section */
		E7350B6D2BE08FB6004CB19E /* Event.swift */ = {isa = PBXFileReference; lastKnownFileType = sourcecode.swift; path = Event.swift; sourceTree = "<group>"; };
		E7350B712BE08FFF004CB19E /* TypeExtensions.swift */ = {isa = PBXFileReference; lastKnownFileType = sourcecode.swift; path = TypeExtensions.swift; sourceTree = "<group>"; };
		E7507CEB2C1FFA5F001F448A /* InactiveCalendarRowCarouselView.swift */ = {isa = PBXFileReference; lastKnownFileType = sourcecode.swift; path = InactiveCalendarRowCarouselView.swift; sourceTree = "<group>"; };
		E7507CED2C20005A001F448A /* CarouselView.swift */ = {isa = PBXFileReference; lastKnownFileType = sourcecode.swift; path = CarouselView.swift; sourceTree = "<group>"; };
		E760FA0D2BB66E78002A588D /* EventCellView.swift */ = {isa = PBXFileReference; lastKnownFileType = sourcecode.swift; path = EventCellView.swift; sourceTree = "<group>"; };
		E7767C562D629A2F0013D242 /* CalendarFactory.swift */ = {isa = PBXFileReference; lastKnownFileType = sourcecode.swift; path = CalendarFactory.swift; sourceTree = "<group>"; };
		E792CF722B9FE79D00E09621 /* ActiveCalendarRowCarouselView.swift */ = {isa = PBXFileReference; lastKnownFileType = sourcecode.swift; path = ActiveCalendarRowCarouselView.swift; sourceTree = "<group>"; };
		E7B21D372B9447A100D4380E /* GlimpseCalendar.app */ = {isa = PBXFileReference; explicitFileType = wrapper.application; includeInIndex = 0; path = GlimpseCalendar.app; sourceTree = BUILT_PRODUCTS_DIR; };
		E7B21D3A2B9447A100D4380E /* GlimpseCalendarApp.swift */ = {isa = PBXFileReference; lastKnownFileType = sourcecode.swift; path = GlimpseCalendarApp.swift; sourceTree = "<group>"; };
		E7B21D3C2B9447A100D4380E /* CalendarView.swift */ = {isa = PBXFileReference; lastKnownFileType = sourcecode.swift; path = CalendarView.swift; sourceTree = "<group>"; };
		E7B21D3E2B9447A200D4380E /* Assets.xcassets */ = {isa = PBXFileReference; lastKnownFileType = folder.assetcatalog; path = Assets.xcassets; sourceTree = "<group>"; };
		E7B21D402B9447A200D4380E /* GlimpseCalendar.entitlements */ = {isa = PBXFileReference; lastKnownFileType = text.plist.entitlements; path = GlimpseCalendar.entitlements; sourceTree = "<group>"; };
		E7B21D422B9447A200D4380E /* Preview Assets.xcassets */ = {isa = PBXFileReference; lastKnownFileType = folder.assetcatalog; path = "Preview Assets.xcassets"; sourceTree = "<group>"; };
		E7B21D5D2B95A5A700D4380E /* CalendarItemView.swift */ = {isa = PBXFileReference; lastKnownFileType = sourcecode.swift; path = CalendarItemView.swift; sourceTree = "<group>"; };
		E7BFF8762BF07A79006797E8 /* AddEventView.swift */ = {isa = PBXFileReference; lastKnownFileType = sourcecode.swift; path = AddEventView.swift; sourceTree = "<group>"; };
		E7BFF8782BF08F80006797E8 /* EditEventView.swift */ = {isa = PBXFileReference; lastKnownFileType = sourcecode.swift; path = EditEventView.swift; sourceTree = "<group>"; };
		E7E757902C0C3577000C8B63 /* EventKitManager.swift */ = {isa = PBXFileReference; lastKnownFileType = sourcecode.swift; path = EventKitManager.swift; sourceTree = "<group>"; };
		E7E757922C0C39CA000C8B63 /* Info.plist */ = {isa = PBXFileReference; lastKnownFileType = text.plist; path = Info.plist; sourceTree = "<group>"; };
/* End PBXFileReference section */

/* Begin PBXFrameworksBuildPhase section */
		E7B21D342B9447A100D4380E /* Frameworks */ = {
			isa = PBXFrameworksBuildPhase;
			buildActionMask = 2147483647;
			files = (
				E7B21D4D2B959FE500D4380E /* Collections in Frameworks */,
				E7B21D532B959FE500D4380E /* HeapModule in Frameworks */,
				E7B21D552B959FE500D4380E /* OrderedCollections in Frameworks */,
				E7B21D4B2B959FE500D4380E /* BitCollections in Frameworks */,
				E7B21D512B959FE500D4380E /* HashTreeCollections in Frameworks */,
				E7B21D4F2B959FE500D4380E /* DequeModule in Frameworks */,
				E7B21D572B959FE500D4380E /* _RopeModule in Frameworks */,
			);
			runOnlyForDeploymentPostprocessing = 0;
		};
/* End PBXFrameworksBuildPhase section */

/* Begin PBXGroup section */
		E7350B6C2BE08FA8004CB19E /* Models */ = {
			isa = PBXGroup;
			children = (
				E7350B6D2BE08FB6004CB19E /* Event.swift */,
			);
			path = Models;
			sourceTree = "<group>";
		};
		E7350B6F2BE08FDE004CB19E /* Extensions */ = {
			isa = PBXGroup;
			children = (
				E7350B712BE08FFF004CB19E /* TypeExtensions.swift */,
			);
			path = Extensions;
			sourceTree = "<group>";
		};
		E7B21D2E2B9447A100D4380E = {
			isa = PBXGroup;
			children = (
				E7B21D392B9447A100D4380E /* GlimpseCalendar */,
				E7B21D382B9447A100D4380E /* Products */,
			);
			sourceTree = "<group>";
		};
		E7B21D382B9447A100D4380E /* Products */ = {
			isa = PBXGroup;
			children = (
				E7B21D372B9447A100D4380E /* GlimpseCalendar.app */,
			);
			name = Products;
			sourceTree = "<group>";
		};
		E7B21D392B9447A100D4380E /* GlimpseCalendar */ = {
			isa = PBXGroup;
			children = (
				E7E757922C0C39CA000C8B63 /* Info.plist */,
				E7E7578F2C0C3512000C8B63 /* Services */,
				E7350B6F2BE08FDE004CB19E /* Extensions */,
				E7350B6C2BE08FA8004CB19E /* Models */,
				E7B21D592B95A4D900D4380E /* Screens */,
				E7B21D5A2B95A51000D4380E /* Utilities */,
				E7B21D582B95A4CD00D4380E /* Views */,
				E7B21D3A2B9447A100D4380E /* GlimpseCalendarApp.swift */,
				E7B21D3E2B9447A200D4380E /* Assets.xcassets */,
				E7B21D402B9447A200D4380E /* GlimpseCalendar.entitlements */,
				E7B21D412B9447A200D4380E /* Preview Content */,
			);
			path = GlimpseCalendar;
			sourceTree = "<group>";
		};
		E7B21D412B9447A200D4380E /* Preview Content */ = {
			isa = PBXGroup;
			children = (
				E7B21D422B9447A200D4380E /* Preview Assets.xcassets */,
			);
			path = "Preview Content";
			sourceTree = "<group>";
		};
		E7B21D582B95A4CD00D4380E /* Views */ = {
			isa = PBXGroup;
			children = (
				E7507CED2C20005A001F448A /* CarouselView.swift */,
				E792CF722B9FE79D00E09621 /* ActiveCalendarRowCarouselView.swift */,
				E7507CEB2C1FFA5F001F448A /* InactiveCalendarRowCarouselView.swift */,
				E7B21D5D2B95A5A700D4380E /* CalendarItemView.swift */,
				E760FA0D2BB66E78002A588D /* EventCellView.swift */,
				E7BFF8762BF07A79006797E8 /* AddEventView.swift */,
				E7BFF8782BF08F80006797E8 /* EditEventView.swift */,
			);
			path = Views;
			sourceTree = "<group>";
		};
		E7B21D592B95A4D900D4380E /* Screens */ = {
			isa = PBXGroup;
			children = (
				E7B21D3C2B9447A100D4380E /* CalendarView.swift */,
			);
			path = Screens;
			sourceTree = "<group>";
		};
		E7B21D5A2B95A51000D4380E /* Utilities */ = {
			isa = PBXGroup;
			children = (
				E7767C562D629A2F0013D242 /* CalendarFactory.swift */,
			);
			path = Utilities;
			sourceTree = "<group>";
		};
		E7E7578F2C0C3512000C8B63 /* Services */ = {
			isa = PBXGroup;
			children = (
				E7E757902C0C3577000C8B63 /* EventKitManager.swift */,
			);
			path = Services;
			sourceTree = "<group>";
		};
/* End PBXGroup section */

/* Begin PBXNativeTarget section */
		E7B21D362B9447A100D4380E /* GlimpseCalendar */ = {
			isa = PBXNativeTarget;
			buildConfigurationList = E7B21D462B9447A200D4380E /* Build configuration list for PBXNativeTarget "GlimpseCalendar" */;
			buildPhases = (
				E7B21D332B9447A100D4380E /* Sources */,
				E7B21D342B9447A100D4380E /* Frameworks */,
				E7B21D352B9447A100D4380E /* Resources */,
			);
			buildRules = (
			);
			dependencies = (
			);
			name = GlimpseCalendar;
			packageProductDependencies = (
				E7B21D4A2B959FE500D4380E /* BitCollections */,
				E7B21D4C2B959FE500D4380E /* Collections */,
				E7B21D4E2B959FE500D4380E /* DequeModule */,
				E7B21D502B959FE500D4380E /* HashTreeCollections */,
				E7B21D522B959FE500D4380E /* HeapModule */,
				E7B21D542B959FE500D4380E /* OrderedCollections */,
				E7B21D562B959FE500D4380E /* _RopeModule */,
			);
			productName = GlimpseCalendar;
			productReference = E7B21D372B9447A100D4380E /* GlimpseCalendar.app */;
			productType = "com.apple.product-type.application";
		};
/* End PBXNativeTarget section */

/* Begin PBXProject section */
		E7B21D2F2B9447A100D4380E /* Project object */ = {
			isa = PBXProject;
			attributes = {
				BuildIndependentTargetsInParallel = 1;
				LastSwiftUpdateCheck = 1520;
				LastUpgradeCheck = 1600;
				TargetAttributes = {
					E7B21D362B9447A100D4380E = {
						CreatedOnToolsVersion = 15.2;
					};
				};
			};
			buildConfigurationList = E7B21D322B9447A100D4380E /* Build configuration list for PBXProject "GlimpseCalendar" */;
			compatibilityVersion = "Xcode 14.0";
			developmentRegion = en;
			hasScannedForEncodings = 0;
			knownRegions = (
				en,
				Base,
			);
			mainGroup = E7B21D2E2B9447A100D4380E;
			packageReferences = (
				E7B21D492B959FE500D4380E /* XCRemoteSwiftPackageReference "swift-collections" */,
			);
			productRefGroup = E7B21D382B9447A100D4380E /* Products */;
			projectDirPath = "";
			projectRoot = "";
			targets = (
				E7B21D362B9447A100D4380E /* GlimpseCalendar */,
			);
		};
/* End PBXProject section */

/* Begin PBXResourcesBuildPhase section */
		E7B21D352B9447A100D4380E /* Resources */ = {
			isa = PBXResourcesBuildPhase;
			buildActionMask = 2147483647;
			files = (
				E7B21D432B9447A200D4380E /* Preview Assets.xcassets in Resources */,
				E7B21D3F2B9447A200D4380E /* Assets.xcassets in Resources */,
			);
			runOnlyForDeploymentPostprocessing = 0;
		};
/* End PBXResourcesBuildPhase section */

/* Begin PBXSourcesBuildPhase section */
		E7B21D332B9447A100D4380E /* Sources */ = {
			isa = PBXSourcesBuildPhase;
			buildActionMask = 2147483647;
			files = (
				E7B21D5E2B95A5A700D4380E /* CalendarItemView.swift in Sources */,
				E7350B722BE08FFF004CB19E /* TypeExtensions.swift in Sources */,
				E760FA0E2BB66E78002A588D /* EventCellView.swift in Sources */,
				E7BFF8792BF08F80006797E8 /* EditEventView.swift in Sources */,
				E7B21D3D2B9447A100D4380E /* CalendarView.swift in Sources */,
				E7BFF8772BF07A79006797E8 /* AddEventView.swift in Sources */,
				E7507CEE2C200062001F448A /* CarouselView.swift in Sources */,
				E7B21D3B2B9447A100D4380E /* GlimpseCalendarApp.swift in Sources */,
				E7E757912C0C3577000C8B63 /* EventKitManager.swift in Sources */,
				E7767C572D629A2F0013D242 /* CalendarFactory.swift in Sources */,
				E7350B6E2BE08FB6004CB19E /* Event.swift in Sources */,
				E792CF732B9FE79D00E09621 /* ActiveCalendarRowCarouselView.swift in Sources */,
				E7507CEC2C1FFA5F001F448A /* InactiveCalendarRowCarouselView.swift in Sources */,
			);
			runOnlyForDeploymentPostprocessing = 0;
		};
/* End PBXSourcesBuildPhase section */

/* Begin XCBuildConfiguration section */
		E7B21D442B9447A200D4380E /* Debug */ = {
			isa = XCBuildConfiguration;
			buildSettings = {
				ALWAYS_SEARCH_USER_PATHS = NO;
				ASSETCATALOG_COMPILER_GENERATE_SWIFT_ASSET_SYMBOL_EXTENSIONS = YES;
				CLANG_ANALYZER_NONNULL = YES;
				CLANG_ANALYZER_NUMBER_OBJECT_CONVERSION = YES_AGGRESSIVE;
				CLANG_CXX_LANGUAGE_STANDARD = "gnu++20";
				CLANG_ENABLE_MODULES = YES;
				CLANG_ENABLE_OBJC_ARC = YES;
				CLANG_ENABLE_OBJC_WEAK = YES;
				CLANG_WARN_BLOCK_CAPTURE_AUTORELEASING = YES;
				CLANG_WARN_BOOL_CONVERSION = YES;
				CLANG_WARN_COMMA = YES;
				CLANG_WARN_CONSTANT_CONVERSION = YES;
				CLANG_WARN_DEPRECATED_OBJC_IMPLEMENTATIONS = YES;
				CLANG_WARN_DIRECT_OBJC_ISA_USAGE = YES_ERROR;
				CLANG_WARN_DOCUMENTATION_COMMENTS = YES;
				CLANG_WARN_EMPTY_BODY = YES;
				CLANG_WARN_ENUM_CONVERSION = YES;
				CLANG_WARN_INFINITE_RECURSION = YES;
				CLANG_WARN_INT_CONVERSION = YES;
				CLANG_WARN_NON_LITERAL_NULL_CONVERSION = YES;
				CLANG_WARN_OBJC_IMPLICIT_RETAIN_SELF = YES;
				CLANG_WARN_OBJC_LITERAL_CONVERSION = YES;
				CLANG_WARN_OBJC_ROOT_CLASS = YES_ERROR;
				CLANG_WARN_QUOTED_INCLUDE_IN_FRAMEWORK_HEADER = YES;
				CLANG_WARN_RANGE_LOOP_ANALYSIS = YES;
				CLANG_WARN_STRICT_PROTOTYPES = YES;
				CLANG_WARN_SUSPICIOUS_MOVE = YES;
				CLANG_WARN_UNGUARDED_AVAILABILITY = YES_AGGRESSIVE;
				CLANG_WARN_UNREACHABLE_CODE = YES;
				CLANG_WARN__DUPLICATE_METHOD_MATCH = YES;
				COPY_PHASE_STRIP = NO;
				DEAD_CODE_STRIPPING = YES;
				DEBUG_INFORMATION_FORMAT = dwarf;
				ENABLE_STRICT_OBJC_MSGSEND = YES;
				ENABLE_TESTABILITY = YES;
				ENABLE_USER_SCRIPT_SANDBOXING = YES;
				GCC_C_LANGUAGE_STANDARD = gnu17;
				GCC_DYNAMIC_NO_PIC = NO;
				GCC_NO_COMMON_BLOCKS = YES;
				GCC_OPTIMIZATION_LEVEL = 0;
				GCC_PREPROCESSOR_DEFINITIONS = (
					"DEBUG=1",
					"$(inherited)",
				);
				GCC_WARN_64_TO_32_BIT_CONVERSION = YES;
				GCC_WARN_ABOUT_RETURN_TYPE = YES_ERROR;
				GCC_WARN_UNDECLARED_SELECTOR = YES;
				GCC_WARN_UNINITIALIZED_AUTOS = YES_AGGRESSIVE;
				GCC_WARN_UNUSED_FUNCTION = YES;
				GCC_WARN_UNUSED_VARIABLE = YES;
				LOCALIZATION_PREFERS_STRING_CATALOGS = YES;
				MTL_ENABLE_DEBUG_INFO = INCLUDE_SOURCE;
				MTL_FAST_MATH = YES;
				ONLY_ACTIVE_ARCH = YES;
				SWIFT_ACTIVE_COMPILATION_CONDITIONS = "DEBUG $(inherited)";
				SWIFT_OPTIMIZATION_LEVEL = "-Onone";
			};
			name = Debug;
		};
		E7B21D452B9447A200D4380E /* Release */ = {
			isa = XCBuildConfiguration;
			buildSettings = {
				ALWAYS_SEARCH_USER_PATHS = NO;
				ASSETCATALOG_COMPILER_GENERATE_SWIFT_ASSET_SYMBOL_EXTENSIONS = YES;
				CLANG_ANALYZER_NONNULL = YES;
				CLANG_ANALYZER_NUMBER_OBJECT_CONVERSION = YES_AGGRESSIVE;
				CLANG_CXX_LANGUAGE_STANDARD = "gnu++20";
				CLANG_ENABLE_MODULES = YES;
				CLANG_ENABLE_OBJC_ARC = YES;
				CLANG_ENABLE_OBJC_WEAK = YES;
				CLANG_WARN_BLOCK_CAPTURE_AUTORELEASING = YES;
				CLANG_WARN_BOOL_CONVERSION = YES;
				CLANG_WARN_COMMA = YES;
				CLANG_WARN_CONSTANT_CONVERSION = YES;
				CLANG_WARN_DEPRECATED_OBJC_IMPLEMENTATIONS = YES;
				CLANG_WARN_DIRECT_OBJC_ISA_USAGE = YES_ERROR;
				CLANG_WARN_DOCUMENTATION_COMMENTS = YES;
				CLANG_WARN_EMPTY_BODY = YES;
				CLANG_WARN_ENUM_CONVERSION = YES;
				CLANG_WARN_INFINITE_RECURSION = YES;
				CLANG_WARN_INT_CONVERSION = YES;
				CLANG_WARN_NON_LITERAL_NULL_CONVERSION = YES;
				CLANG_WARN_OBJC_IMPLICIT_RETAIN_SELF = YES;
				CLANG_WARN_OBJC_LITERAL_CONVERSION = YES;
				CLANG_WARN_OBJC_ROOT_CLASS = YES_ERROR;
				CLANG_WARN_QUOTED_INCLUDE_IN_FRAMEWORK_HEADER = YES;
				CLANG_WARN_RANGE_LOOP_ANALYSIS = YES;
				CLANG_WARN_STRICT_PROTOTYPES = YES;
				CLANG_WARN_SUSPICIOUS_MOVE = YES;
				CLANG_WARN_UNGUARDED_AVAILABILITY = YES_AGGRESSIVE;
				CLANG_WARN_UNREACHABLE_CODE = YES;
				CLANG_WARN__DUPLICATE_METHOD_MATCH = YES;
				COPY_PHASE_STRIP = NO;
				DEAD_CODE_STRIPPING = YES;
				DEBUG_INFORMATION_FORMAT = "dwarf-with-dsym";
				ENABLE_NS_ASSERTIONS = NO;
				ENABLE_STRICT_OBJC_MSGSEND = YES;
				ENABLE_USER_SCRIPT_SANDBOXING = YES;
				GCC_C_LANGUAGE_STANDARD = gnu17;
				GCC_NO_COMMON_BLOCKS = YES;
				GCC_WARN_64_TO_32_BIT_CONVERSION = YES;
				GCC_WARN_ABOUT_RETURN_TYPE = YES_ERROR;
				GCC_WARN_UNDECLARED_SELECTOR = YES;
				GCC_WARN_UNINITIALIZED_AUTOS = YES_AGGRESSIVE;
				GCC_WARN_UNUSED_FUNCTION = YES;
				GCC_WARN_UNUSED_VARIABLE = YES;
				LOCALIZATION_PREFERS_STRING_CATALOGS = YES;
				MTL_ENABLE_DEBUG_INFO = NO;
				MTL_FAST_MATH = YES;
				SWIFT_COMPILATION_MODE = wholemodule;
			};
			name = Release;
		};
		E7B21D472B9447A200D4380E /* Debug */ = {
			isa = XCBuildConfiguration;
			buildSettings = {
				ASSETCATALOG_COMPILER_APPICON_NAME = AppIcon;
				ASSETCATALOG_COMPILER_GLOBAL_ACCENT_COLOR_NAME = AccentColor;
				CODE_SIGN_ENTITLEMENTS = GlimpseCalendar/GlimpseCalendar.entitlements;
				CODE_SIGN_STYLE = Automatic;
				CURRENT_PROJECT_VERSION = 1;
				DEAD_CODE_STRIPPING = YES;
				DEVELOPMENT_ASSET_PATHS = "\"GlimpseCalendar/Preview Content\"";
				DEVELOPMENT_TEAM = FF456UPZWC;
				ENABLE_HARDENED_RUNTIME = YES;
				ENABLE_PREVIEWS = YES;
				GENERATE_INFOPLIST_FILE = YES;
				INFOPLIST_FILE = GlimpseCalendar/Info.plist;
				INFOPLIST_KEY_LSApplicationCategoryType = "public.app-category.productivity";
				INFOPLIST_KEY_NSCalendarsUsageDescription = "We need access to your calendar to display and manage events";
				"INFOPLIST_KEY_UIApplicationSceneManifest_Generation[sdk=iphoneos*]" = YES;
				"INFOPLIST_KEY_UIApplicationSceneManifest_Generation[sdk=iphonesimulator*]" = YES;
				"INFOPLIST_KEY_UIApplicationSupportsIndirectInputEvents[sdk=iphoneos*]" = YES;
				"INFOPLIST_KEY_UIApplicationSupportsIndirectInputEvents[sdk=iphonesimulator*]" = YES;
				"INFOPLIST_KEY_UILaunchScreen_Generation[sdk=iphoneos*]" = YES;
				"INFOPLIST_KEY_UILaunchScreen_Generation[sdk=iphonesimulator*]" = YES;
				"INFOPLIST_KEY_UIStatusBarStyle[sdk=iphoneos*]" = UIStatusBarStyleDefault;
				"INFOPLIST_KEY_UIStatusBarStyle[sdk=iphonesimulator*]" = UIStatusBarStyleDefault;
				INFOPLIST_KEY_UISupportedInterfaceOrientations_iPad = "UIInterfaceOrientationPortrait UIInterfaceOrientationPortraitUpsideDown UIInterfaceOrientationLandscapeLeft UIInterfaceOrientationLandscapeRight";
				INFOPLIST_KEY_UISupportedInterfaceOrientations_iPhone = "UIInterfaceOrientationPortrait UIInterfaceOrientationLandscapeLeft UIInterfaceOrientationLandscapeRight";
				IPHONEOS_DEPLOYMENT_TARGET = 18.0;
				LD_RUNPATH_SEARCH_PATHS = "@executable_path/Frameworks";
				"LD_RUNPATH_SEARCH_PATHS[sdk=macosx*]" = "@executable_path/../Frameworks";
				MACOSX_DEPLOYMENT_TARGET = 14.2;
				MARKETING_VERSION = 1.0;
				PRODUCT_BUNDLE_IDENTIFIER = TwoBitFoundry.GlimpseCalendar;
				PRODUCT_NAME = "$(TARGET_NAME)";
				SDKROOT = auto;
				SUPPORTED_PLATFORMS = "iphoneos iphonesimulator";
				SUPPORTS_MACCATALYST = NO;
				SUPPORTS_XR_DESIGNED_FOR_IPHONE_IPAD = YES;
				SWIFT_EMIT_LOC_STRINGS = YES;
				SWIFT_VERSION = 5.0;
				TARGETED_DEVICE_FAMILY = "1,2";
			};
			name = Debug;
		};
		E7B21D482B9447A200D4380E /* Release */ = {
			isa = XCBuildConfiguration;
			buildSettings = {
				ASSETCATALOG_COMPILER_APPICON_NAME = AppIcon;
				ASSETCATALOG_COMPILER_GLOBAL_ACCENT_COLOR_NAME = AccentColor;
				CODE_SIGN_ENTITLEMENTS = GlimpseCalendar/GlimpseCalendar.entitlements;
				CODE_SIGN_STYLE = Automatic;
				CURRENT_PROJECT_VERSION = 1;
				DEAD_CODE_STRIPPING = YES;
				DEVELOPMENT_ASSET_PATHS = "\"GlimpseCalendar/Preview Content\"";
				DEVELOPMENT_TEAM = FF456UPZWC;
				ENABLE_HARDENED_RUNTIME = YES;
				ENABLE_PREVIEWS = YES;
				GENERATE_INFOPLIST_FILE = YES;
				INFOPLIST_FILE = GlimpseCalendar/Info.plist;
				INFOPLIST_KEY_LSApplicationCategoryType = "public.app-category.productivity";
				INFOPLIST_KEY_NSCalendarsUsageDescription = "We need access to your calendar to display and manage events";
				"INFOPLIST_KEY_UIApplicationSceneManifest_Generation[sdk=iphoneos*]" = YES;
				"INFOPLIST_KEY_UIApplicationSceneManifest_Generation[sdk=iphonesimulator*]" = YES;
				"INFOPLIST_KEY_UIApplicationSupportsIndirectInputEvents[sdk=iphoneos*]" = YES;
				"INFOPLIST_KEY_UIApplicationSupportsIndirectInputEvents[sdk=iphonesimulator*]" = YES;
				"INFOPLIST_KEY_UILaunchScreen_Generation[sdk=iphoneos*]" = YES;
				"INFOPLIST_KEY_UILaunchScreen_Generation[sdk=iphonesimulator*]" = YES;
				"INFOPLIST_KEY_UIStatusBarStyle[sdk=iphoneos*]" = UIStatusBarStyleDefault;
				"INFOPLIST_KEY_UIStatusBarStyle[sdk=iphonesimulator*]" = UIStatusBarStyleDefault;
				INFOPLIST_KEY_UISupportedInterfaceOrientations_iPad = "UIInterfaceOrientationPortrait UIInterfaceOrientationPortraitUpsideDown UIInterfaceOrientationLandscapeLeft UIInterfaceOrientationLandscapeRight";
				INFOPLIST_KEY_UISupportedInterfaceOrientations_iPhone = "UIInterfaceOrientationPortrait UIInterfaceOrientationLandscapeLeft UIInterfaceOrientationLandscapeRight";
				IPHONEOS_DEPLOYMENT_TARGET = 18.0;
				LD_RUNPATH_SEARCH_PATHS = "@executable_path/Frameworks";
				"LD_RUNPATH_SEARCH_PATHS[sdk=macosx*]" = "@executable_path/../Frameworks";
				MACOSX_DEPLOYMENT_TARGET = 14.2;
				MARKETING_VERSION = 1.0;
				PRODUCT_BUNDLE_IDENTIFIER = TwoBitFoundry.GlimpseCalendar;
				PRODUCT_NAME = "$(TARGET_NAME)";
				SDKROOT = auto;
				SUPPORTED_PLATFORMS = "iphoneos iphonesimulator";
				SUPPORTS_MACCATALYST = NO;
				SUPPORTS_XR_DESIGNED_FOR_IPHONE_IPAD = YES;
				SWIFT_EMIT_LOC_STRINGS = YES;
				SWIFT_VERSION = 5.0;
				TARGETED_DEVICE_FAMILY = "1,2";
			};
			name = Release;
		};
/* End XCBuildConfiguration section */

/* Begin XCConfigurationList section */
		E7B21D322B9447A100D4380E /* Build configuration list for PBXProject "GlimpseCalendar" */ = {
			isa = XCConfigurationList;
			buildConfigurations = (
				E7B21D442B9447A200D4380E /* Debug */,
				E7B21D452B9447A200D4380E /* Release */,
			);
			defaultConfigurationIsVisible = 0;
			defaultConfigurationName = Release;
		};
		E7B21D462B9447A200D4380E /* Build configuration list for PBXNativeTarget "GlimpseCalendar" */ = {
			isa = XCConfigurationList;
			buildConfigurations = (
				E7B21D472B9447A200D4380E /* Debug */,
				E7B21D482B9447A200D4380E /* Release */,
			);
			defaultConfigurationIsVisible = 0;
			defaultConfigurationName = Release;
		};
/* End XCConfigurationList section */

/* Begin XCRemoteSwiftPackageReference section */
		E7B21D492B959FE500D4380E /* XCRemoteSwiftPackageReference "swift-collections" */ = {
			isa = XCRemoteSwiftPackageReference;
			repositoryURL = "https://github.com/apple/swift-collections.git";
			requirement = {
				kind = upToNextMajorVersion;
				minimumVersion = 1.1.0;
			};
		};
/* End XCRemoteSwiftPackageReference section */

/* Begin XCSwiftPackageProductDependency section */
		E7B21D4A2B959FE500D4380E /* BitCollections */ = {
			isa = XCSwiftPackageProductDependency;
			package = E7B21D492B959FE500D4380E /* XCRemoteSwiftPackageReference "swift-collections" */;
			productName = BitCollections;
		};
		E7B21D4C2B959FE500D4380E /* Collections */ = {
			isa = XCSwiftPackageProductDependency;
			package = E7B21D492B959FE500D4380E /* XCRemoteSwiftPackageReference "swift-collections" */;
			productName = Collections;
		};
		E7B21D4E2B959FE500D4380E /* DequeModule */ = {
			isa = XCSwiftPackageProductDependency;
			package = E7B21D492B959FE500D4380E /* XCRemoteSwiftPackageReference "swift-collections" */;
			productName = DequeModule;
		};
		E7B21D502B959FE500D4380E /* HashTreeCollections */ = {
			isa = XCSwiftPackageProductDependency;
			package = E7B21D492B959FE500D4380E /* XCRemoteSwiftPackageReference "swift-collections" */;
			productName = HashTreeCollections;
		};
		E7B21D522B959FE500D4380E /* HeapModule */ = {
			isa = XCSwiftPackageProductDependency;
			package = E7B21D492B959FE500D4380E /* XCRemoteSwiftPackageReference "swift-collections" */;
			productName = HeapModule;
		};
		E7B21D542B959FE500D4380E /* OrderedCollections */ = {
			isa = XCSwiftPackageProductDependency;
			package = E7B21D492B959FE500D4380E /* XCRemoteSwiftPackageReference "swift-collections" */;
			productName = OrderedCollections;
		};
		E7B21D562B959FE500D4380E /* _RopeModule */ = {
			isa = XCSwiftPackageProductDependency;
			package = E7B21D492B959FE500D4380E /* XCRemoteSwiftPackageReference "swift-collections" */;
			productName = _RopeModule;
		};
/* End XCSwiftPackageProductDependency section */
	};
	rootObject = E7B21D2F2B9447A100D4380E /* Project object */;
}
